// !$*UTF8*$!
{
	archiveVersion = 1;
	classes = {
	};
	objectVersion = 46;
	objects = {

/* Begin PBXBuildFile section */
		2EB3BE741ECC2C0D00D87D85 /* AppDelegate.swift in Sources */ = {isa = PBXBuildFile; fileRef = 2EB3BE731ECC2C0D00D87D85 /* AppDelegate.swift */; };
		2EB3BE791ECC2C0D00D87D85 /* Main.storyboard in Resources */ = {isa = PBXBuildFile; fileRef = 2EB3BE771ECC2C0D00D87D85 /* Main.storyboard */; };
		2EB3BE7B1ECC2C0D00D87D85 /* Assets.xcassets in Resources */ = {isa = PBXBuildFile; fileRef = 2EB3BE7A1ECC2C0D00D87D85 /* Assets.xcassets */; };
		2EB3BE7E1ECC2C0D00D87D85 /* LaunchScreen.storyboard in Resources */ = {isa = PBXBuildFile; fileRef = 2EB3BE7C1ECC2C0D00D87D85 /* LaunchScreen.storyboard */; };
		2EB3BE891ECC2C0D00D87D85 /* TheMovieDBTests.swift in Sources */ = {isa = PBXBuildFile; fileRef = 2EB3BE881ECC2C0D00D87D85 /* TheMovieDBTests.swift */; };
		2EB3BE941ECC2C0D00D87D85 /* TheMovieDBUITests.swift in Sources */ = {isa = PBXBuildFile; fileRef = 2EB3BE931ECC2C0D00D87D85 /* TheMovieDBUITests.swift */; };
		2EB3BEA21ECC2E7800D87D85 /* MovieTableViewCell.swift in Sources */ = {isa = PBXBuildFile; fileRef = 2EB3BEA11ECC2E7800D87D85 /* MovieTableViewCell.swift */; };
		2EB3BEA41ECC2EF000D87D85 /* MovieNowPlayingTableViewController.swift in Sources */ = {isa = PBXBuildFile; fileRef = 2EB3BEA31ECC2EF000D87D85 /* MovieNowPlayingTableViewController.swift */; };
		2EB3BECF1ECC306A00D87D85 /* MKAnnotationView+WebCache.m in Sources */ = {isa = PBXBuildFile; fileRef = 2EB3BEA91ECC306A00D87D85 /* MKAnnotationView+WebCache.m */; };
		2EB3BED01ECC306A00D87D85 /* NSData+ImageContentType.m in Sources */ = {isa = PBXBuildFile; fileRef = 2EB3BEAB1ECC306A00D87D85 /* NSData+ImageContentType.m */; };
		2EB3BED11ECC306A00D87D85 /* NSImage+WebCache.m in Sources */ = {isa = PBXBuildFile; fileRef = 2EB3BEAD1ECC306A00D87D85 /* NSImage+WebCache.m */; };
		2EB3BED21ECC306A00D87D85 /* SDImageCache.m in Sources */ = {isa = PBXBuildFile; fileRef = 2EB3BEAF1ECC306A00D87D85 /* SDImageCache.m */; };
		2EB3BED31ECC306A00D87D85 /* SDImageCacheConfig.m in Sources */ = {isa = PBXBuildFile; fileRef = 2EB3BEB11ECC306A00D87D85 /* SDImageCacheConfig.m */; };
		2EB3BED41ECC306A00D87D85 /* SDWebImageCompat.m in Sources */ = {isa = PBXBuildFile; fileRef = 2EB3BEB31ECC306A00D87D85 /* SDWebImageCompat.m */; };
		2EB3BED51ECC306A00D87D85 /* SDWebImageDecoder.m in Sources */ = {isa = PBXBuildFile; fileRef = 2EB3BEB51ECC306A00D87D85 /* SDWebImageDecoder.m */; };
		2EB3BED61ECC306A00D87D85 /* SDWebImageDownloader.m in Sources */ = {isa = PBXBuildFile; fileRef = 2EB3BEB71ECC306A00D87D85 /* SDWebImageDownloader.m */; };
		2EB3BED71ECC306A00D87D85 /* SDWebImageDownloaderOperation.m in Sources */ = {isa = PBXBuildFile; fileRef = 2EB3BEB91ECC306A00D87D85 /* SDWebImageDownloaderOperation.m */; };
		2EB3BED81ECC306A00D87D85 /* SDWebImageManager.m in Sources */ = {isa = PBXBuildFile; fileRef = 2EB3BEBB1ECC306A00D87D85 /* SDWebImageManager.m */; };
		2EB3BED91ECC306A00D87D85 /* SDWebImagePrefetcher.m in Sources */ = {isa = PBXBuildFile; fileRef = 2EB3BEBE1ECC306A00D87D85 /* SDWebImagePrefetcher.m */; };
		2EB3BEDA1ECC306A00D87D85 /* UIButton+WebCache.m in Sources */ = {isa = PBXBuildFile; fileRef = 2EB3BEC01ECC306A00D87D85 /* UIButton+WebCache.m */; };
		2EB3BEDB1ECC306A00D87D85 /* UIImage+GIF.m in Sources */ = {isa = PBXBuildFile; fileRef = 2EB3BEC21ECC306A00D87D85 /* UIImage+GIF.m */; };
		2EB3BEDC1ECC306A00D87D85 /* UIImage+MultiFormat.m in Sources */ = {isa = PBXBuildFile; fileRef = 2EB3BEC41ECC306A00D87D85 /* UIImage+MultiFormat.m */; };
		2EB3BEDD1ECC306A00D87D85 /* UIImage+WebP.m in Sources */ = {isa = PBXBuildFile; fileRef = 2EB3BEC61ECC306A00D87D85 /* UIImage+WebP.m */; };
		2EB3BEDE1ECC306A00D87D85 /* UIImageView+HighlightedWebCache.m in Sources */ = {isa = PBXBuildFile; fileRef = 2EB3BEC81ECC306A00D87D85 /* UIImageView+HighlightedWebCache.m */; };
		2EB3BEDF1ECC306A00D87D85 /* UIImageView+WebCache.m in Sources */ = {isa = PBXBuildFile; fileRef = 2EB3BECA1ECC306A00D87D85 /* UIImageView+WebCache.m */; };
		2EB3BEE01ECC306A00D87D85 /* UIView+WebCache.m in Sources */ = {isa = PBXBuildFile; fileRef = 2EB3BECC1ECC306A00D87D85 /* UIView+WebCache.m */; };
		2EB3BEE11ECC306A00D87D85 /* UIView+WebCacheOperation.m in Sources */ = {isa = PBXBuildFile; fileRef = 2EB3BECE1ECC306A00D87D85 /* UIView+WebCacheOperation.m */; };
		2EB3BEE51ECC314800D87D85 /* Movie.swift in Sources */ = {isa = PBXBuildFile; fileRef = 2EB3BEE41ECC314800D87D85 /* Movie.swift */; };
		2EB3BEE71ECC31B300D87D85 /* ApiClient.swift in Sources */ = {isa = PBXBuildFile; fileRef = 2EB3BEE61ECC31B300D87D85 /* ApiClient.swift */; };
		2EB3BEE91ECC353600D87D85 /* MovieDetail.swift in Sources */ = {isa = PBXBuildFile; fileRef = 2EB3BEE81ECC353600D87D85 /* MovieDetail.swift */; };
		2EB3BEEB1ECC4A3400D87D85 /* MovieDetailViewController.swift in Sources */ = {isa = PBXBuildFile; fileRef = 2EB3BEEA1ECC4A3400D87D85 /* MovieDetailViewController.swift */; };
/* End PBXBuildFile section */

/* Begin PBXContainerItemProxy section */
		2EB3BE851ECC2C0D00D87D85 /* PBXContainerItemProxy */ = {
			isa = PBXContainerItemProxy;
			containerPortal = 2EB3BE681ECC2C0D00D87D85 /* Project object */;
			proxyType = 1;
			remoteGlobalIDString = 2EB3BE6F1ECC2C0D00D87D85;
			remoteInfo = TheMovieDB;
		};
		2EB3BE901ECC2C0D00D87D85 /* PBXContainerItemProxy */ = {
			isa = PBXContainerItemProxy;
			containerPortal = 2EB3BE681ECC2C0D00D87D85 /* Project object */;
			proxyType = 1;
			remoteGlobalIDString = 2EB3BE6F1ECC2C0D00D87D85;
			remoteInfo = TheMovieDB;
		};
/* End PBXContainerItemProxy section */

/* Begin PBXFileReference section */
		2EB3BE701ECC2C0D00D87D85 /* TheMovieDB.app */ = {isa = PBXFileReference; explicitFileType = wrapper.application; includeInIndex = 0; path = TheMovieDB.app; sourceTree = BUILT_PRODUCTS_DIR; };
		2EB3BE731ECC2C0D00D87D85 /* AppDelegate.swift */ = {isa = PBXFileReference; lastKnownFileType = sourcecode.swift; path = AppDelegate.swift; sourceTree = "<group>"; };
		2EB3BE781ECC2C0D00D87D85 /* Base */ = {isa = PBXFileReference; lastKnownFileType = file.storyboard; name = Base; path = Base.lproj/Main.storyboard; sourceTree = "<group>"; };
		2EB3BE7A1ECC2C0D00D87D85 /* Assets.xcassets */ = {isa = PBXFileReference; lastKnownFileType = folder.assetcatalog; path = Assets.xcassets; sourceTree = "<group>"; };
		2EB3BE7D1ECC2C0D00D87D85 /* Base */ = {isa = PBXFileReference; lastKnownFileType = file.storyboard; name = Base; path = Base.lproj/LaunchScreen.storyboard; sourceTree = "<group>"; };
		2EB3BE7F1ECC2C0D00D87D85 /* Info.plist */ = {isa = PBXFileReference; lastKnownFileType = text.plist.xml; path = Info.plist; sourceTree = "<group>"; };
		2EB3BE841ECC2C0D00D87D85 /* TheMovieDBTests.xctest */ = {isa = PBXFileReference; explicitFileType = wrapper.cfbundle; includeInIndex = 0; path = TheMovieDBTests.xctest; sourceTree = BUILT_PRODUCTS_DIR; };
		2EB3BE881ECC2C0D00D87D85 /* TheMovieDBTests.swift */ = {isa = PBXFileReference; lastKnownFileType = sourcecode.swift; path = TheMovieDBTests.swift; sourceTree = "<group>"; };
		2EB3BE8A1ECC2C0D00D87D85 /* Info.plist */ = {isa = PBXFileReference; lastKnownFileType = text.plist.xml; path = Info.plist; sourceTree = "<group>"; };
		2EB3BE8F1ECC2C0D00D87D85 /* TheMovieDBUITests.xctest */ = {isa = PBXFileReference; explicitFileType = wrapper.cfbundle; includeInIndex = 0; path = TheMovieDBUITests.xctest; sourceTree = BUILT_PRODUCTS_DIR; };
		2EB3BE931ECC2C0D00D87D85 /* TheMovieDBUITests.swift */ = {isa = PBXFileReference; lastKnownFileType = sourcecode.swift; path = TheMovieDBUITests.swift; sourceTree = "<group>"; };
		2EB3BE951ECC2C0D00D87D85 /* Info.plist */ = {isa = PBXFileReference; lastKnownFileType = text.plist.xml; path = Info.plist; sourceTree = "<group>"; };
		2EB3BEA11ECC2E7800D87D85 /* MovieTableViewCell.swift */ = {isa = PBXFileReference; fileEncoding = 4; lastKnownFileType = sourcecode.swift; path = MovieTableViewCell.swift; sourceTree = "<group>"; };
		2EB3BEA31ECC2EF000D87D85 /* MovieNowPlayingTableViewController.swift */ = {isa = PBXFileReference; fileEncoding = 4; lastKnownFileType = sourcecode.swift; path = MovieNowPlayingTableViewController.swift; sourceTree = "<group>"; };
		2EB3BEA81ECC306A00D87D85 /* MKAnnotationView+WebCache.h */ = {isa = PBXFileReference; fileEncoding = 4; lastKnownFileType = sourcecode.c.h; path = "MKAnnotationView+WebCache.h"; sourceTree = "<group>"; };
		2EB3BEA91ECC306A00D87D85 /* MKAnnotationView+WebCache.m */ = {isa = PBXFileReference; fileEncoding = 4; lastKnownFileType = sourcecode.c.objc; path = "MKAnnotationView+WebCache.m"; sourceTree = "<group>"; };
		2EB3BEAA1ECC306A00D87D85 /* NSData+ImageContentType.h */ = {isa = PBXFileReference; fileEncoding = 4; lastKnownFileType = sourcecode.c.h; path = "NSData+ImageContentType.h"; sourceTree = "<group>"; };
		2EB3BEAB1ECC306A00D87D85 /* NSData+ImageContentType.m */ = {isa = PBXFileReference; fileEncoding = 4; lastKnownFileType = sourcecode.c.objc; path = "NSData+ImageContentType.m"; sourceTree = "<group>"; };
		2EB3BEAC1ECC306A00D87D85 /* NSImage+WebCache.h */ = {isa = PBXFileReference; fileEncoding = 4; lastKnownFileType = sourcecode.c.h; path = "NSImage+WebCache.h"; sourceTree = "<group>"; };
		2EB3BEAD1ECC306A00D87D85 /* NSImage+WebCache.m */ = {isa = PBXFileReference; fileEncoding = 4; lastKnownFileType = sourcecode.c.objc; path = "NSImage+WebCache.m"; sourceTree = "<group>"; };
		2EB3BEAE1ECC306A00D87D85 /* SDImageCache.h */ = {isa = PBXFileReference; fileEncoding = 4; lastKnownFileType = sourcecode.c.h; path = SDImageCache.h; sourceTree = "<group>"; };
		2EB3BEAF1ECC306A00D87D85 /* SDImageCache.m */ = {isa = PBXFileReference; fileEncoding = 4; lastKnownFileType = sourcecode.c.objc; path = SDImageCache.m; sourceTree = "<group>"; };
		2EB3BEB01ECC306A00D87D85 /* SDImageCacheConfig.h */ = {isa = PBXFileReference; fileEncoding = 4; lastKnownFileType = sourcecode.c.h; path = SDImageCacheConfig.h; sourceTree = "<group>"; };
		2EB3BEB11ECC306A00D87D85 /* SDImageCacheConfig.m */ = {isa = PBXFileReference; fileEncoding = 4; lastKnownFileType = sourcecode.c.objc; path = SDImageCacheConfig.m; sourceTree = "<group>"; };
		2EB3BEB21ECC306A00D87D85 /* SDWebImageCompat.h */ = {isa = PBXFileReference; fileEncoding = 4; lastKnownFileType = sourcecode.c.h; path = SDWebImageCompat.h; sourceTree = "<group>"; };
		2EB3BEB31ECC306A00D87D85 /* SDWebImageCompat.m */ = {isa = PBXFileReference; fileEncoding = 4; lastKnownFileType = sourcecode.c.objc; path = SDWebImageCompat.m; sourceTree = "<group>"; };
		2EB3BEB41ECC306A00D87D85 /* SDWebImageDecoder.h */ = {isa = PBXFileReference; fileEncoding = 4; lastKnownFileType = sourcecode.c.h; path = SDWebImageDecoder.h; sourceTree = "<group>"; };
		2EB3BEB51ECC306A00D87D85 /* SDWebImageDecoder.m */ = {isa = PBXFileReference; fileEncoding = 4; lastKnownFileType = sourcecode.c.objc; path = SDWebImageDecoder.m; sourceTree = "<group>"; };
		2EB3BEB61ECC306A00D87D85 /* SDWebImageDownloader.h */ = {isa = PBXFileReference; fileEncoding = 4; lastKnownFileType = sourcecode.c.h; path = SDWebImageDownloader.h; sourceTree = "<group>"; };
		2EB3BEB71ECC306A00D87D85 /* SDWebImageDownloader.m */ = {isa = PBXFileReference; fileEncoding = 4; lastKnownFileType = sourcecode.c.objc; path = SDWebImageDownloader.m; sourceTree = "<group>"; };
		2EB3BEB81ECC306A00D87D85 /* SDWebImageDownloaderOperation.h */ = {isa = PBXFileReference; fileEncoding = 4; lastKnownFileType = sourcecode.c.h; path = SDWebImageDownloaderOperation.h; sourceTree = "<group>"; };
		2EB3BEB91ECC306A00D87D85 /* SDWebImageDownloaderOperation.m */ = {isa = PBXFileReference; fileEncoding = 4; lastKnownFileType = sourcecode.c.objc; path = SDWebImageDownloaderOperation.m; sourceTree = "<group>"; };
		2EB3BEBA1ECC306A00D87D85 /* SDWebImageManager.h */ = {isa = PBXFileReference; fileEncoding = 4; lastKnownFileType = sourcecode.c.h; path = SDWebImageManager.h; sourceTree = "<group>"; };
		2EB3BEBB1ECC306A00D87D85 /* SDWebImageManager.m */ = {isa = PBXFileReference; fileEncoding = 4; lastKnownFileType = sourcecode.c.objc; path = SDWebImageManager.m; sourceTree = "<group>"; };
		2EB3BEBC1ECC306A00D87D85 /* SDWebImageOperation.h */ = {isa = PBXFileReference; fileEncoding = 4; lastKnownFileType = sourcecode.c.h; path = SDWebImageOperation.h; sourceTree = "<group>"; };
		2EB3BEBD1ECC306A00D87D85 /* SDWebImagePrefetcher.h */ = {isa = PBXFileReference; fileEncoding = 4; lastKnownFileType = sourcecode.c.h; path = SDWebImagePrefetcher.h; sourceTree = "<group>"; };
		2EB3BEBE1ECC306A00D87D85 /* SDWebImagePrefetcher.m */ = {isa = PBXFileReference; fileEncoding = 4; lastKnownFileType = sourcecode.c.objc; path = SDWebImagePrefetcher.m; sourceTree = "<group>"; };
		2EB3BEBF1ECC306A00D87D85 /* UIButton+WebCache.h */ = {isa = PBXFileReference; fileEncoding = 4; lastKnownFileType = sourcecode.c.h; path = "UIButton+WebCache.h"; sourceTree = "<group>"; };
		2EB3BEC01ECC306A00D87D85 /* UIButton+WebCache.m */ = {isa = PBXFileReference; fileEncoding = 4; lastKnownFileType = sourcecode.c.objc; path = "UIButton+WebCache.m"; sourceTree = "<group>"; };
		2EB3BEC11ECC306A00D87D85 /* UIImage+GIF.h */ = {isa = PBXFileReference; fileEncoding = 4; lastKnownFileType = sourcecode.c.h; path = "UIImage+GIF.h"; sourceTree = "<group>"; };
		2EB3BEC21ECC306A00D87D85 /* UIImage+GIF.m */ = {isa = PBXFileReference; fileEncoding = 4; lastKnownFileType = sourcecode.c.objc; path = "UIImage+GIF.m"; sourceTree = "<group>"; };
		2EB3BEC31ECC306A00D87D85 /* UIImage+MultiFormat.h */ = {isa = PBXFileReference; fileEncoding = 4; lastKnownFileType = sourcecode.c.h; path = "UIImage+MultiFormat.h"; sourceTree = "<group>"; };
		2EB3BEC41ECC306A00D87D85 /* UIImage+MultiFormat.m */ = {isa = PBXFileReference; fileEncoding = 4; lastKnownFileType = sourcecode.c.objc; path = "UIImage+MultiFormat.m"; sourceTree = "<group>"; };
		2EB3BEC51ECC306A00D87D85 /* UIImage+WebP.h */ = {isa = PBXFileReference; fileEncoding = 4; lastKnownFileType = sourcecode.c.h; path = "UIImage+WebP.h"; sourceTree = "<group>"; };
		2EB3BEC61ECC306A00D87D85 /* UIImage+WebP.m */ = {isa = PBXFileReference; fileEncoding = 4; lastKnownFileType = sourcecode.c.objc; path = "UIImage+WebP.m"; sourceTree = "<group>"; };
		2EB3BEC71ECC306A00D87D85 /* UIImageView+HighlightedWebCache.h */ = {isa = PBXFileReference; fileEncoding = 4; lastKnownFileType = sourcecode.c.h; path = "UIImageView+HighlightedWebCache.h"; sourceTree = "<group>"; };
		2EB3BEC81ECC306A00D87D85 /* UIImageView+HighlightedWebCache.m */ = {isa = PBXFileReference; fileEncoding = 4; lastKnownFileType = sourcecode.c.objc; path = "UIImageView+HighlightedWebCache.m"; sourceTree = "<group>"; };
		2EB3BEC91ECC306A00D87D85 /* UIImageView+WebCache.h */ = {isa = PBXFileReference; fileEncoding = 4; lastKnownFileType = sourcecode.c.h; path = "UIImageView+WebCache.h"; sourceTree = "<group>"; };
		2EB3BECA1ECC306A00D87D85 /* UIImageView+WebCache.m */ = {isa = PBXFileReference; fileEncoding = 4; lastKnownFileType = sourcecode.c.objc; path = "UIImageView+WebCache.m"; sourceTree = "<group>"; };
		2EB3BECB1ECC306A00D87D85 /* UIView+WebCache.h */ = {isa = PBXFileReference; fileEncoding = 4; lastKnownFileType = sourcecode.c.h; path = "UIView+WebCache.h"; sourceTree = "<group>"; };
		2EB3BECC1ECC306A00D87D85 /* UIView+WebCache.m */ = {isa = PBXFileReference; fileEncoding = 4; lastKnownFileType = sourcecode.c.objc; path = "UIView+WebCache.m"; sourceTree = "<group>"; };
		2EB3BECD1ECC306A00D87D85 /* UIView+WebCacheOperation.h */ = {isa = PBXFileReference; fileEncoding = 4; lastKnownFileType = sourcecode.c.h; path = "UIView+WebCacheOperation.h"; sourceTree = "<group>"; };
		2EB3BECE1ECC306A00D87D85 /* UIView+WebCacheOperation.m */ = {isa = PBXFileReference; fileEncoding = 4; lastKnownFileType = sourcecode.c.objc; path = "UIView+WebCacheOperation.m"; sourceTree = "<group>"; };
		2EB3BEE21ECC308500D87D85 /* BridgeHeader.h */ = {isa = PBXFileReference; lastKnownFileType = sourcecode.c.h; path = BridgeHeader.h; sourceTree = "<group>"; };
		2EB3BEE41ECC314800D87D85 /* Movie.swift */ = {isa = PBXFileReference; fileEncoding = 4; lastKnownFileType = sourcecode.swift; path = Movie.swift; sourceTree = "<group>"; };
		2EB3BEE61ECC31B300D87D85 /* ApiClient.swift */ = {isa = PBXFileReference; fileEncoding = 4; lastKnownFileType = sourcecode.swift; path = ApiClient.swift; sourceTree = "<group>"; };
		2EB3BEE81ECC353600D87D85 /* MovieDetail.swift */ = {isa = PBXFileReference; fileEncoding = 4; lastKnownFileType = sourcecode.swift; path = MovieDetail.swift; sourceTree = "<group>"; };
		2EB3BEEA1ECC4A3400D87D85 /* MovieDetailViewController.swift */ = {isa = PBXFileReference; fileEncoding = 4; lastKnownFileType = sourcecode.swift; path = MovieDetailViewController.swift; sourceTree = "<group>"; };
/* End PBXFileReference section */

/* Begin PBXFrameworksBuildPhase section */
		2EB3BE6D1ECC2C0D00D87D85 /* Frameworks */ = {
			isa = PBXFrameworksBuildPhase;
			buildActionMask = 2147483647;
			files = (
			);
			runOnlyForDeploymentPostprocessing = 0;
		};
		2EB3BE811ECC2C0D00D87D85 /* Frameworks */ = {
			isa = PBXFrameworksBuildPhase;
			buildActionMask = 2147483647;
			files = (
			);
			runOnlyForDeploymentPostprocessing = 0;
		};
		2EB3BE8C1ECC2C0D00D87D85 /* Frameworks */ = {
			isa = PBXFrameworksBuildPhase;
			buildActionMask = 2147483647;
			files = (
			);
			runOnlyForDeploymentPostprocessing = 0;
		};
/* End PBXFrameworksBuildPhase section */

/* Begin PBXGroup section */
		2EB3BE671ECC2C0D00D87D85 = {
			isa = PBXGroup;
			children = (
				2EB3BE721ECC2C0D00D87D85 /* TheMovieDB */,
				2EB3BE871ECC2C0D00D87D85 /* TheMovieDBTests */,
				2EB3BE921ECC2C0D00D87D85 /* TheMovieDBUITests */,
				2EB3BE711ECC2C0D00D87D85 /* Products */,
			);
			sourceTree = "<group>";
		};
		2EB3BE711ECC2C0D00D87D85 /* Products */ = {
			isa = PBXGroup;
			children = (
				2EB3BE701ECC2C0D00D87D85 /* TheMovieDB.app */,
				2EB3BE841ECC2C0D00D87D85 /* TheMovieDBTests.xctest */,
				2EB3BE8F1ECC2C0D00D87D85 /* TheMovieDBUITests.xctest */,
			);
			name = Products;
			sourceTree = "<group>";
		};
		2EB3BE721ECC2C0D00D87D85 /* TheMovieDB */ = {
			isa = PBXGroup;
			children = (
				2EB3BE731ECC2C0D00D87D85 /* AppDelegate.swift */,
				2EB3BEA71ECC306A00D87D85 /* SDWebImage */,
				2EB3BEE31ECC313E00D87D85 /* Model */,
				2EB3BEA51ECC302D00D87D85 /* View */,
				2EB3BEA61ECC303900D87D85 /* Controller */,
				2EB3BE7A1ECC2C0D00D87D85 /* Assets.xcassets */,
				2EB3BE7F1ECC2C0D00D87D85 /* Info.plist */,
				2EB3BEE21ECC308500D87D85 /* BridgeHeader.h */,
			);
			path = TheMovieDB;
			sourceTree = "<group>";
		};
		2EB3BE871ECC2C0D00D87D85 /* TheMovieDBTests */ = {
			isa = PBXGroup;
			children = (
				2EB3BE881ECC2C0D00D87D85 /* TheMovieDBTests.swift */,
				2EB3BE8A1ECC2C0D00D87D85 /* Info.plist */,
			);
			path = TheMovieDBTests;
			sourceTree = "<group>";
		};
		2EB3BE921ECC2C0D00D87D85 /* TheMovieDBUITests */ = {
			isa = PBXGroup;
			children = (
				2EB3BE931ECC2C0D00D87D85 /* TheMovieDBUITests.swift */,
				2EB3BE951ECC2C0D00D87D85 /* Info.plist */,
			);
			path = TheMovieDBUITests;
			sourceTree = "<group>";
		};
		2EB3BEA51ECC302D00D87D85 /* View */ = {
			isa = PBXGroup;
			children = (
				2EB3BE771ECC2C0D00D87D85 /* Main.storyboard */,
				2EB3BE7C1ECC2C0D00D87D85 /* LaunchScreen.storyboard */,
				2EB3BEA11ECC2E7800D87D85 /* MovieTableViewCell.swift */,
			);
			name = View;
			sourceTree = "<group>";
		};
		2EB3BEA61ECC303900D87D85 /* Controller */ = {
			isa = PBXGroup;
			children = (
				2EB3BEA31ECC2EF000D87D85 /* MovieNowPlayingTableViewController.swift */,
				2EB3BEEA1ECC4A3400D87D85 /* MovieDetailViewController.swift */,
			);
			name = Controller;
			sourceTree = "<group>";
		};
		2EB3BEA71ECC306A00D87D85 /* SDWebImage */ = {
			isa = PBXGroup;
			children = (
				2EB3BEA81ECC306A00D87D85 /* MKAnnotationView+WebCache.h */,
				2EB3BEA91ECC306A00D87D85 /* MKAnnotationView+WebCache.m */,
				2EB3BEAA1ECC306A00D87D85 /* NSData+ImageContentType.h */,
				2EB3BEAB1ECC306A00D87D85 /* NSData+ImageContentType.m */,
				2EB3BEAC1ECC306A00D87D85 /* NSImage+WebCache.h */,
				2EB3BEAD1ECC306A00D87D85 /* NSImage+WebCache.m */,
				2EB3BEAE1ECC306A00D87D85 /* SDImageCache.h */,
				2EB3BEAF1ECC306A00D87D85 /* SDImageCache.m */,
				2EB3BEB01ECC306A00D87D85 /* SDImageCacheConfig.h */,
				2EB3BEB11ECC306A00D87D85 /* SDImageCacheConfig.m */,
				2EB3BEB21ECC306A00D87D85 /* SDWebImageCompat.h */,
				2EB3BEB31ECC306A00D87D85 /* SDWebImageCompat.m */,
				2EB3BEB41ECC306A00D87D85 /* SDWebImageDecoder.h */,
				2EB3BEB51ECC306A00D87D85 /* SDWebImageDecoder.m */,
				2EB3BEB61ECC306A00D87D85 /* SDWebImageDownloader.h */,
				2EB3BEB71ECC306A00D87D85 /* SDWebImageDownloader.m */,
				2EB3BEB81ECC306A00D87D85 /* SDWebImageDownloaderOperation.h */,
				2EB3BEB91ECC306A00D87D85 /* SDWebImageDownloaderOperation.m */,
				2EB3BEBA1ECC306A00D87D85 /* SDWebImageManager.h */,
				2EB3BEBB1ECC306A00D87D85 /* SDWebImageManager.m */,
				2EB3BEBC1ECC306A00D87D85 /* SDWebImageOperation.h */,
				2EB3BEBD1ECC306A00D87D85 /* SDWebImagePrefetcher.h */,
				2EB3BEBE1ECC306A00D87D85 /* SDWebImagePrefetcher.m */,
				2EB3BEBF1ECC306A00D87D85 /* UIButton+WebCache.h */,
				2EB3BEC01ECC306A00D87D85 /* UIButton+WebCache.m */,
				2EB3BEC11ECC306A00D87D85 /* UIImage+GIF.h */,
				2EB3BEC21ECC306A00D87D85 /* UIImage+GIF.m */,
				2EB3BEC31ECC306A00D87D85 /* UIImage+MultiFormat.h */,
				2EB3BEC41ECC306A00D87D85 /* UIImage+MultiFormat.m */,
				2EB3BEC51ECC306A00D87D85 /* UIImage+WebP.h */,
				2EB3BEC61ECC306A00D87D85 /* UIImage+WebP.m */,
				2EB3BEC71ECC306A00D87D85 /* UIImageView+HighlightedWebCache.h */,
				2EB3BEC81ECC306A00D87D85 /* UIImageView+HighlightedWebCache.m */,
				2EB3BEC91ECC306A00D87D85 /* UIImageView+WebCache.h */,
				2EB3BECA1ECC306A00D87D85 /* UIImageView+WebCache.m */,
				2EB3BECB1ECC306A00D87D85 /* UIView+WebCache.h */,
				2EB3BECC1ECC306A00D87D85 /* UIView+WebCache.m */,
				2EB3BECD1ECC306A00D87D85 /* UIView+WebCacheOperation.h */,
				2EB3BECE1ECC306A00D87D85 /* UIView+WebCacheOperation.m */,
			);
			path = SDWebImage;
			sourceTree = "<group>";
		};
		2EB3BEE31ECC313E00D87D85 /* Model */ = {
			isa = PBXGroup;
			children = (
				2EB3BEE41ECC314800D87D85 /* Movie.swift */,
				2EB3BEE81ECC353600D87D85 /* MovieDetail.swift */,
				2EB3BEE61ECC31B300D87D85 /* ApiClient.swift */,
			);
			name = Model;
			sourceTree = "<group>";
		};
/* End PBXGroup section */

/* Begin PBXNativeTarget section */
		2EB3BE6F1ECC2C0D00D87D85 /* TheMovieDB */ = {
			isa = PBXNativeTarget;
			buildConfigurationList = 2EB3BE981ECC2C0D00D87D85 /* Build configuration list for PBXNativeTarget "TheMovieDB" */;
			buildPhases = (
				2EB3BE6C1ECC2C0D00D87D85 /* Sources */,
				2EB3BE6D1ECC2C0D00D87D85 /* Frameworks */,
				2EB3BE6E1ECC2C0D00D87D85 /* Resources */,
			);
			buildRules = (
			);
			dependencies = (
			);
			name = TheMovieDB;
			productName = TheMovieDB;
			productReference = 2EB3BE701ECC2C0D00D87D85 /* TheMovieDB.app */;
			productType = "com.apple.product-type.application";
		};
		2EB3BE831ECC2C0D00D87D85 /* TheMovieDBTests */ = {
			isa = PBXNativeTarget;
			buildConfigurationList = 2EB3BE9B1ECC2C0D00D87D85 /* Build configuration list for PBXNativeTarget "TheMovieDBTests" */;
			buildPhases = (
				2EB3BE801ECC2C0D00D87D85 /* Sources */,
				2EB3BE811ECC2C0D00D87D85 /* Frameworks */,
				2EB3BE821ECC2C0D00D87D85 /* Resources */,
			);
			buildRules = (
			);
			dependencies = (
				2EB3BE861ECC2C0D00D87D85 /* PBXTargetDependency */,
			);
			name = TheMovieDBTests;
			productName = TheMovieDBTests;
			productReference = 2EB3BE841ECC2C0D00D87D85 /* TheMovieDBTests.xctest */;
			productType = "com.apple.product-type.bundle.unit-test";
		};
		2EB3BE8E1ECC2C0D00D87D85 /* TheMovieDBUITests */ = {
			isa = PBXNativeTarget;
			buildConfigurationList = 2EB3BE9E1ECC2C0D00D87D85 /* Build configuration list for PBXNativeTarget "TheMovieDBUITests" */;
			buildPhases = (
				2EB3BE8B1ECC2C0D00D87D85 /* Sources */,
				2EB3BE8C1ECC2C0D00D87D85 /* Frameworks */,
				2EB3BE8D1ECC2C0D00D87D85 /* Resources */,
			);
			buildRules = (
			);
			dependencies = (
				2EB3BE911ECC2C0D00D87D85 /* PBXTargetDependency */,
			);
			name = TheMovieDBUITests;
			productName = TheMovieDBUITests;
			productReference = 2EB3BE8F1ECC2C0D00D87D85 /* TheMovieDBUITests.xctest */;
			productType = "com.apple.product-type.bundle.ui-testing";
		};
/* End PBXNativeTarget section */

/* Begin PBXProject section */
		2EB3BE681ECC2C0D00D87D85 /* Project object */ = {
			isa = PBXProject;
			attributes = {
				LastSwiftUpdateCheck = 0830;
				LastUpgradeCheck = 0830;
				ORGANIZATIONNAME = "Kiet Nguyen";
				TargetAttributes = {
					2EB3BE6F1ECC2C0D00D87D85 = {
						CreatedOnToolsVersion = 8.3.2;
						ProvisioningStyle = Automatic;
					};
					2EB3BE831ECC2C0D00D87D85 = {
						CreatedOnToolsVersion = 8.3.2;
						ProvisioningStyle = Automatic;
						TestTargetID = 2EB3BE6F1ECC2C0D00D87D85;
					};
					2EB3BE8E1ECC2C0D00D87D85 = {
						CreatedOnToolsVersion = 8.3.2;
						ProvisioningStyle = Automatic;
						TestTargetID = 2EB3BE6F1ECC2C0D00D87D85;
					};
				};
			};
			buildConfigurationList = 2EB3BE6B1ECC2C0D00D87D85 /* Build configuration list for PBXProject "TheMovieDB" */;
			compatibilityVersion = "Xcode 3.2";
			developmentRegion = English;
			hasScannedForEncodings = 0;
			knownRegions = (
				en,
				Base,
			);
			mainGroup = 2EB3BE671ECC2C0D00D87D85;
			productRefGroup = 2EB3BE711ECC2C0D00D87D85 /* Products */;
			projectDirPath = "";
			projectRoot = "";
			targets = (
				2EB3BE6F1ECC2C0D00D87D85 /* TheMovieDB */,
				2EB3BE831ECC2C0D00D87D85 /* TheMovieDBTests */,
				2EB3BE8E1ECC2C0D00D87D85 /* TheMovieDBUITests */,
			);
		};
/* End PBXProject section */

/* Begin PBXResourcesBuildPhase section */
		2EB3BE6E1ECC2C0D00D87D85 /* Resources */ = {
			isa = PBXResourcesBuildPhase;
			buildActionMask = 2147483647;
			files = (
				2EB3BE7E1ECC2C0D00D87D85 /* LaunchScreen.storyboard in Resources */,
				2EB3BE7B1ECC2C0D00D87D85 /* Assets.xcassets in Resources */,
				2EB3BE791ECC2C0D00D87D85 /* Main.storyboard in Resources */,
			);
			runOnlyForDeploymentPostprocessing = 0;
		};
		2EB3BE821ECC2C0D00D87D85 /* Resources */ = {
			isa = PBXResourcesBuildPhase;
			buildActionMask = 2147483647;
			files = (
			);
			runOnlyForDeploymentPostprocessing = 0;
		};
		2EB3BE8D1ECC2C0D00D87D85 /* Resources */ = {
			isa = PBXResourcesBuildPhase;
			buildActionMask = 2147483647;
			files = (
			);
			runOnlyForDeploymentPostprocessing = 0;
		};
/* End PBXResourcesBuildPhase section */

/* Begin PBXSourcesBuildPhase section */
		2EB3BE6C1ECC2C0D00D87D85 /* Sources */ = {
			isa = PBXSourcesBuildPhase;
			buildActionMask = 2147483647;
			files = (
				2EB3BED01ECC306A00D87D85 /* NSData+ImageContentType.m in Sources */,
				2EB3BEDE1ECC306A00D87D85 /* UIImageView+HighlightedWebCache.m in Sources */,
				2EB3BEE01ECC306A00D87D85 /* UIView+WebCache.m in Sources */,
				2EB3BEDF1ECC306A00D87D85 /* UIImageView+WebCache.m in Sources */,
				2EB3BEEB1ECC4A3400D87D85 /* MovieDetailViewController.swift in Sources */,
				2EB3BEE11ECC306A00D87D85 /* UIView+WebCacheOperation.m in Sources */,
				2EB3BEDD1ECC306A00D87D85 /* UIImage+WebP.m in Sources */,
				2EB3BED91ECC306A00D87D85 /* SDWebImagePrefetcher.m in Sources */,
				2EB3BEA41ECC2EF000D87D85 /* MovieNowPlayingTableViewController.swift in Sources */,
				2EB3BED51ECC306A00D87D85 /* SDWebImageDecoder.m in Sources */,
				2EB3BED61ECC306A00D87D85 /* SDWebImageDownloader.m in Sources */,
				2EB3BEE51ECC314800D87D85 /* Movie.swift in Sources */,
				2EB3BEE71ECC31B300D87D85 /* ApiClient.swift in Sources */,
				2EB3BED11ECC306A00D87D85 /* NSImage+WebCache.m in Sources */,
				2EB3BED81ECC306A00D87D85 /* SDWebImageManager.m in Sources */,
				2EB3BEDA1ECC306A00D87D85 /* UIButton+WebCache.m in Sources */,
				2EB3BEDC1ECC306A00D87D85 /* UIImage+MultiFormat.m in Sources */,
				2EB3BED31ECC306A00D87D85 /* SDImageCacheConfig.m in Sources */,
				2EB3BEE91ECC353600D87D85 /* MovieDetail.swift in Sources */,
				2EB3BED71ECC306A00D87D85 /* SDWebImageDownloaderOperation.m in Sources */,
				2EB3BEDB1ECC306A00D87D85 /* UIImage+GIF.m in Sources */,
				2EB3BED41ECC306A00D87D85 /* SDWebImageCompat.m in Sources */,
				2EB3BECF1ECC306A00D87D85 /* MKAnnotationView+WebCache.m in Sources */,
				2EB3BEA21ECC2E7800D87D85 /* MovieTableViewCell.swift in Sources */,
				2EB3BE741ECC2C0D00D87D85 /* AppDelegate.swift in Sources */,
				2EB3BED21ECC306A00D87D85 /* SDImageCache.m in Sources */,
			);
			runOnlyForDeploymentPostprocessing = 0;
		};
		2EB3BE801ECC2C0D00D87D85 /* Sources */ = {
			isa = PBXSourcesBuildPhase;
			buildActionMask = 2147483647;
			files = (
				2EB3BE891ECC2C0D00D87D85 /* TheMovieDBTests.swift in Sources */,
			);
			runOnlyForDeploymentPostprocessing = 0;
		};
		2EB3BE8B1ECC2C0D00D87D85 /* Sources */ = {
			isa = PBXSourcesBuildPhase;
			buildActionMask = 2147483647;
			files = (
				2EB3BE941ECC2C0D00D87D85 /* TheMovieDBUITests.swift in Sources */,
			);
			runOnlyForDeploymentPostprocessing = 0;
		};
/* End PBXSourcesBuildPhase section */

/* Begin PBXTargetDependency section */
		2EB3BE861ECC2C0D00D87D85 /* PBXTargetDependency */ = {
			isa = PBXTargetDependency;
			target = 2EB3BE6F1ECC2C0D00D87D85 /* TheMovieDB */;
			targetProxy = 2EB3BE851ECC2C0D00D87D85 /* PBXContainerItemProxy */;
		};
		2EB3BE911ECC2C0D00D87D85 /* PBXTargetDependency */ = {
			isa = PBXTargetDependency;
			target = 2EB3BE6F1ECC2C0D00D87D85 /* TheMovieDB */;
			targetProxy = 2EB3BE901ECC2C0D00D87D85 /* PBXContainerItemProxy */;
		};
/* End PBXTargetDependency section */

/* Begin PBXVariantGroup section */
		2EB3BE771ECC2C0D00D87D85 /* Main.storyboard */ = {
			isa = PBXVariantGroup;
			children = (
				2EB3BE781ECC2C0D00D87D85 /* Base */,
			);
			name = Main.storyboard;
			sourceTree = "<group>";
		};
		2EB3BE7C1ECC2C0D00D87D85 /* LaunchScreen.storyboard */ = {
			isa = PBXVariantGroup;
			children = (
				2EB3BE7D1ECC2C0D00D87D85 /* Base */,
			);
			name = LaunchScreen.storyboard;
			sourceTree = "<group>";
		};
/* End PBXVariantGroup section */

/* Begin XCBuildConfiguration section */
		2EB3BE961ECC2C0D00D87D85 /* Debug */ = {
			isa = XCBuildConfiguration;
			buildSettings = {
				ALWAYS_SEARCH_USER_PATHS = NO;
				CLANG_ANALYZER_NONNULL = YES;
				CLANG_ANALYZER_NUMBER_OBJECT_CONVERSION = YES_AGGRESSIVE;
				CLANG_CXX_LANGUAGE_STANDARD = "gnu++0x";
				CLANG_CXX_LIBRARY = "libc++";
				CLANG_ENABLE_MODULES = YES;
				CLANG_ENABLE_OBJC_ARC = YES;
				CLANG_WARN_BOOL_CONVERSION = YES;
				CLANG_WARN_CONSTANT_CONVERSION = YES;
				CLANG_WARN_DIRECT_OBJC_ISA_USAGE = YES_ERROR;
				CLANG_WARN_DOCUMENTATION_COMMENTS = YES;
				CLANG_WARN_EMPTY_BODY = YES;
				CLANG_WARN_ENUM_CONVERSION = YES;
				CLANG_WARN_INFINITE_RECURSION = YES;
				CLANG_WARN_INT_CONVERSION = YES;
				CLANG_WARN_OBJC_ROOT_CLASS = YES_ERROR;
				CLANG_WARN_SUSPICIOUS_MOVE = YES;
				CLANG_WARN_UNREACHABLE_CODE = YES;
				CLANG_WARN__DUPLICATE_METHOD_MATCH = YES;
				"CODE_SIGN_IDENTITY[sdk=iphoneos*]" = "iPhone Developer";
				COPY_PHASE_STRIP = NO;
				DEBUG_INFORMATION_FORMAT = dwarf;
				ENABLE_STRICT_OBJC_MSGSEND = YES;
				ENABLE_TESTABILITY = YES;
				GCC_C_LANGUAGE_STANDARD = gnu99;
				GCC_DYNAMIC_NO_PIC = NO;
				GCC_NO_COMMON_BLOCKS = YES;
				GCC_OPTIMIZATION_LEVEL = 0;
				GCC_PREPROCESSOR_DEFINITIONS = (
					"DEBUG=1",
					"$(inherited)",
				);
				GCC_WARN_64_TO_32_BIT_CONVERSION = YES;
				GCC_WARN_ABOUT_RETURN_TYPE = YES_ERROR;
				GCC_WARN_UNDECLARED_SELECTOR = YES;
				GCC_WARN_UNINITIALIZED_AUTOS = YES_AGGRESSIVE;
				GCC_WARN_UNUSED_FUNCTION = YES;
				GCC_WARN_UNUSED_VARIABLE = YES;
				IPHONEOS_DEPLOYMENT_TARGET = 10.3;
				MTL_ENABLE_DEBUG_INFO = YES;
				ONLY_ACTIVE_ARCH = YES;
				SDKROOT = iphoneos;
				SWIFT_ACTIVE_COMPILATION_CONDITIONS = DEBUG;
				SWIFT_OPTIMIZATION_LEVEL = "-Onone";
			};
			name = Debug;
		};
		2EB3BE971ECC2C0D00D87D85 /* Release */ = {
			isa = XCBuildConfiguration;
			buildSettings = {
				ALWAYS_SEARCH_USER_PATHS = NO;
				CLANG_ANALYZER_NONNULL = YES;
				CLANG_ANALYZER_NUMBER_OBJECT_CONVERSION = YES_AGGRESSIVE;
				CLANG_CXX_LANGUAGE_STANDARD = "gnu++0x";
				CLANG_CXX_LIBRARY = "libc++";
				CLANG_ENABLE_MODULES = YES;
				CLANG_ENABLE_OBJC_ARC = YES;
				CLANG_WARN_BOOL_CONVERSION = YES;
				CLANG_WARN_CONSTANT_CONVERSION = YES;
				CLANG_WARN_DIRECT_OBJC_ISA_USAGE = YES_ERROR;
				CLANG_WARN_DOCUMENTATION_COMMENTS = YES;
				CLANG_WARN_EMPTY_BODY = YES;
				CLANG_WARN_ENUM_CONVERSION = YES;
				CLANG_WARN_INFINITE_RECURSION = YES;
				CLANG_WARN_INT_CONVERSION = YES;
				CLANG_WARN_OBJC_ROOT_CLASS = YES_ERROR;
				CLANG_WARN_SUSPICIOUS_MOVE = YES;
				CLANG_WARN_UNREACHABLE_CODE = YES;
				CLANG_WARN__DUPLICATE_METHOD_MATCH = YES;
				"CODE_SIGN_IDENTITY[sdk=iphoneos*]" = "iPhone Developer";
				COPY_PHASE_STRIP = NO;
				DEBUG_INFORMATION_FORMAT = "dwarf-with-dsym";
				ENABLE_NS_ASSERTIONS = NO;
				ENABLE_STRICT_OBJC_MSGSEND = YES;
				GCC_C_LANGUAGE_STANDARD = gnu99;
				GCC_NO_COMMON_BLOCKS = YES;
				GCC_WARN_64_TO_32_BIT_CONVERSION = YES;
				GCC_WARN_ABOUT_RETURN_TYPE = YES_ERROR;
				GCC_WARN_UNDECLARED_SELECTOR = YES;
				GCC_WARN_UNINITIALIZED_AUTOS = YES_AGGRESSIVE;
				GCC_WARN_UNUSED_FUNCTION = YES;
				GCC_WARN_UNUSED_VARIABLE = YES;
				IPHONEOS_DEPLOYMENT_TARGET = 10.3;
				MTL_ENABLE_DEBUG_INFO = NO;
				SDKROOT = iphoneos;
				SWIFT_OPTIMIZATION_LEVEL = "-Owholemodule";
				VALIDATE_PRODUCT = YES;
			};
			name = Release;
		};
		2EB3BE991ECC2C0D00D87D85 /* Debug */ = {
			isa = XCBuildConfiguration;
			buildSettings = {
				ASSETCATALOG_COMPILER_APPICON_NAME = AppIcon;
				INFOPLIST_FILE = TheMovieDB/Info.plist;
				LD_RUNPATH_SEARCH_PATHS = "$(inherited) @executable_path/Frameworks";
				PRODUCT_BUNDLE_IDENTIFIER = "Group-9---iOSUTE.TheMovieDB";
				PRODUCT_NAME = "$(TARGET_NAME)";
				SWIFT_OBJC_BRIDGING_HEADER = TheMovieDB/BridgeHeader.h;
				SWIFT_VERSION = 3.0;
			};
			name = Debug;
		};
		2EB3BE9A1ECC2C0D00D87D85 /* Release */ = {
			isa = XCBuildConfiguration;
			buildSettings = {
				ASSETCATALOG_COMPILER_APPICON_NAME = AppIcon;
				INFOPLIST_FILE = TheMovieDB/Info.plist;
				LD_RUNPATH_SEARCH_PATHS = "$(inherited) @executable_path/Frameworks";
				PRODUCT_BUNDLE_IDENTIFIER = "Group-9---iOSUTE.TheMovieDB";
				PRODUCT_NAME = "$(TARGET_NAME)";
				SWIFT_OBJC_BRIDGING_HEADER = TheMovieDB/BridgeHeader.h;
				SWIFT_VERSION = 3.0;
			};
			name = Release;
		};
		2EB3BE9C1ECC2C0D00D87D85 /* Debug */ = {
			isa = XCBuildConfiguration;
			buildSettings = {
				ALWAYS_EMBED_SWIFT_STANDARD_LIBRARIES = YES;
				BUNDLE_LOADER = "$(TEST_HOST)";
				INFOPLIST_FILE = TheMovieDBTests/Info.plist;
				LD_RUNPATH_SEARCH_PATHS = "$(inherited) @executable_path/Frameworks @loader_path/Frameworks";
				PRODUCT_BUNDLE_IDENTIFIER = "Group-9---iOSUTE.TheMovieDBTests";
				PRODUCT_NAME = "$(TARGET_NAME)";
				SWIFT_VERSION = 3.0;
				TEST_HOST = "$(BUILT_PRODUCTS_DIR)/TheMovieDB.app/TheMovieDB";
			};
			name = Debug;
		};
		2EB3BE9D1ECC2C0D00D87D85 /* Release */ = {
			isa = XCBuildConfiguration;
			buildSettings = {
				ALWAYS_EMBED_SWIFT_STANDARD_LIBRARIES = YES;
				BUNDLE_LOADER = "$(TEST_HOST)";
				INFOPLIST_FILE = TheMovieDBTests/Info.plist;
				LD_RUNPATH_SEARCH_PATHS = "$(inherited) @executable_path/Frameworks @loader_path/Frameworks";
				PRODUCT_BUNDLE_IDENTIFIER = "Group-9---iOSUTE.TheMovieDBTests";
				PRODUCT_NAME = "$(TARGET_NAME)";
				SWIFT_VERSION = 3.0;
				TEST_HOST = "$(BUILT_PRODUCTS_DIR)/TheMovieDB.app/TheMovieDB";
			};
			name = Release;
		};
		2EB3BE9F1ECC2C0D00D87D85 /* Debug */ = {
			isa = XCBuildConfiguration;
			buildSettings = {
				ALWAYS_EMBED_SWIFT_STANDARD_LIBRARIES = YES;
				INFOPLIST_FILE = TheMovieDBUITests/Info.plist;
				LD_RUNPATH_SEARCH_PATHS = "$(inherited) @executable_path/Frameworks @loader_path/Frameworks";
				PRODUCT_BUNDLE_IDENTIFIER = "Group-9---iOSUTE.TheMovieDBUITests";
				PRODUCT_NAME = "$(TARGET_NAME)";
				SWIFT_VERSION = 3.0;
				TEST_TARGET_NAME = TheMovieDB;
			};
			name = Debug;
		};
		2EB3BEA01ECC2C0D00D87D85 /* Release */ = {
			isa = XCBuildConfiguration;
			buildSettings = {
				ALWAYS_EMBED_SWIFT_STANDARD_LIBRARIES = YES;
				INFOPLIST_FILE = TheMovieDBUITests/Info.plist;
				LD_RUNPATH_SEARCH_PATHS = "$(inherited) @executable_path/Frameworks @loader_path/Frameworks";
				PRODUCT_BUNDLE_IDENTIFIER = "Group-9---iOSUTE.TheMovieDBUITests";
				PRODUCT_NAME = "$(TARGET_NAME)";
				SWIFT_VERSION = 3.0;
				TEST_TARGET_NAME = TheMovieDB;
			};
			name = Release;
		};
/* End XCBuildConfiguration section */

/* Begin XCConfigurationList section */
		2EB3BE6B1ECC2C0D00D87D85 /* Build configuration list for PBXProject "TheMovieDB" */ = {
			isa = XCConfigurationList;
			buildConfigurations = (
				2EB3BE961ECC2C0D00D87D85 /* Debug */,
				2EB3BE971ECC2C0D00D87D85 /* Release */,
			);
			defaultConfigurationIsVisible = 0;
			defaultConfigurationName = Release;
		};
		2EB3BE981ECC2C0D00D87D85 /* Build configuration list for PBXNativeTarget "TheMovieDB" */ = {
			isa = XCConfigurationList;
			buildConfigurations = (
				2EB3BE991ECC2C0D00D87D85 /* Debug */,
				2EB3BE9A1ECC2C0D00D87D85 /* Release */,
			);
			defaultConfigurationIsVisible = 0;
			defaultConfigurationName = Release;
		};
		2EB3BE9B1ECC2C0D00D87D85 /* Build configuration list for PBXNativeTarget "TheMovieDBTests" */ = {
			isa = XCConfigurationList;
			buildConfigurations = (
				2EB3BE9C1ECC2C0D00D87D85 /* Debug */,
				2EB3BE9D1ECC2C0D00D87D85 /* Release */,
			);
			defaultConfigurationIsVisible = 0;
			defaultConfigurationName = Release;
		};
		2EB3BE9E1ECC2C0D00D87D85 /* Build configuration list for PBXNativeTarget "TheMovieDBUITests" */ = {
			isa = XCConfigurationList;
			buildConfigurations = (
				2EB3BE9F1ECC2C0D00D87D85 /* Debug */,
				2EB3BEA01ECC2C0D00D87D85 /* Release */,
			);
			defaultConfigurationIsVisible = 0;
			defaultConfigurationName = Release;
		};
/* End XCConfigurationList section */
	};
	rootObject = 2EB3BE681ECC2C0D00D87D85 /* Project object */;
}
